
Microsoft Visual Studio Solution File, Format Version 12.00
# Visual Studio Version 17
VisualStudioVersion = 17.7.34009.444
MinimumVisualStudioVersion = 10.0.40219.1
Project("{FAE04EC0-301F-11D3-BF4B-00C04F79EFBC}") = "DesafioDio1", "DesafioDio1\DesafioDio1.csproj", "{1AAED718-7AC8-49CD-80AD-F22640636364}"
EndProject
Global
	GlobalSection(SolutionConfigurationPlatforms) = preSolution
		Debug|Any CPU = Debug|Any CPU
		Release|Any CPU = Release|Any CPU
	EndGlobalSection
	GlobalSection(ProjectConfigurationPlatforms) = postSolution
		{1AAED718-7AC8-49CD-80AD-F22640636364}.Debug|Any CPU.ActiveCfg = Debug|Any CPU
		{1AAED718-7AC8-49CD-80AD-F22640636364}.Debug|Any CPU.Build.0 = Debug|Any CPU
		{1AAED718-7AC8-49CD-80AD-F22640636364}.Release|Any CPU.ActiveCfg = Release|Any CPU
		{1AAED718-7AC8-49CD-80AD-F22640636364}.Release|Any CPU.Build.0 = Release|Any CPU
	EndGlobalSection
	GlobalSection(SolutionProperties) = preSolution
		HideSolutionNode = FALSE
	EndGlobalSection
	GlobalSection(ExtensibilityGlobals) = postSolution
		SolutionGuid = {84704EC1-85A8-44A0-B24B-859650DE0DA0}
	EndGlobalSection
EndGlobal
